dependencies:
  esp-network-support:
    dependencies:
    - name: idf
      version: '>=5.3'
    - name: esp-support
      path: ../esp-support
    source:
      path: C:\Projects\esp-libs\esp-network-support
      type: local
    version: 0.1.0
  esp-support:
    dependencies:
    - name: idf
      version: '>=5.3'
    source:
      path: C:\Projects\esp-libs\esp-support
      type: local
    version: 0.1.0
  idf:
    source:
      type: idf
    version: 5.5.1
direct_dependencies:
- esp-network-support
- idf
manifest_hash: a2a9d36b605b55e7d73db839e6dbe25a3bfe584963cb553ad9940c2f53c61f82
target: esp32c3
version: 2.0.0
